// !$*UTF8*$!
{
	archiveVersion = 1;
	classes = {
	};
	objectVersion = 50;
	objects = {

/* Begin PBXBuildFile section */
		2C633D1D23DEDC34003B038D /* WinnerDetailView.swift in Sources */ = {isa = PBXBuildFile; fileRef = 2C633D1C23DEDC34003B038D /* WinnerDetailView.swift */; };
		2CB93C2D23DEB0DD00312CA4 /* WinnerService.swift in Sources */ = {isa = PBXBuildFile; fileRef = 2CB93C2C23DEB0DD00312CA4 /* WinnerService.swift */; };
		2CB93C2F23DEC13E00312CA4 /* awards.json in Resources */ = {isa = PBXBuildFile; fileRef = 2CB93C2E23DEC13D00312CA4 /* awards.json */; };
		C7F877DE23DC1A550001080C /* AppDelegate.swift in Sources */ = {isa = PBXBuildFile; fileRef = C7F877DD23DC1A550001080C /* AppDelegate.swift */; };
		C7F877E023DC1A550001080C /* SceneDelegate.swift in Sources */ = {isa = PBXBuildFile; fileRef = C7F877DF23DC1A550001080C /* SceneDelegate.swift */; };
		C7F877E223DC1A550001080C /* ContentView.swift in Sources */ = {isa = PBXBuildFile; fileRef = C7F877E123DC1A550001080C /* ContentView.swift */; };
		C7F877E423DC1A570001080C /* Assets.xcassets in Resources */ = {isa = PBXBuildFile; fileRef = C7F877E323DC1A570001080C /* Assets.xcassets */; };
		C7F877E723DC1A570001080C /* Preview Assets.xcassets in Resources */ = {isa = PBXBuildFile; fileRef = C7F877E623DC1A570001080C /* Preview Assets.xcassets */; };
		C7F877EA23DC1A570001080C /* LaunchScreen.storyboard in Resources */ = {isa = PBXBuildFile; fileRef = C7F877E823DC1A570001080C /* LaunchScreen.storyboard */; };
		C7F877F323DC1A8D0001080C /* AwardView.swift in Sources */ = {isa = PBXBuildFile; fileRef = C7F877F223DC1A8D0001080C /* AwardView.swift */; };
		C7F877F523DC1E660001080C /* WinnerView.swift in Sources */ = {isa = PBXBuildFile; fileRef = C7F877F423DC1E660001080C /* WinnerView.swift */; };
		C7F877F823DC1E800001080C /* Winner.swift in Sources */ = {isa = PBXBuildFile; fileRef = C7F877F723DC1E800001080C /* Winner.swift */; };
/* End PBXBuildFile section */

/* Begin PBXFileReference section */
		2C633D1C23DEDC34003B038D /* WinnerDetailView.swift */ = {isa = PBXFileReference; lastKnownFileType = sourcecode.swift; path = WinnerDetailView.swift; sourceTree = "<group>"; };
		2CB93C2C23DEB0DD00312CA4 /* WinnerService.swift */ = {isa = PBXFileReference; lastKnownFileType = sourcecode.swift; path = WinnerService.swift; sourceTree = "<group>"; };
		2CB93C2E23DEC13D00312CA4 /* awards.json */ = {isa = PBXFileReference; fileEncoding = 4; lastKnownFileType = text.json; path = awards.json; sourceTree = "<group>"; };
		C7F877DA23DC1A550001080C /* Football award winners.app */ = {isa = PBXFileReference; explicitFileType = wrapper.application; includeInIndex = 0; path = "Football award winners.app"; sourceTree = BUILT_PRODUCTS_DIR; };
		C7F877DD23DC1A550001080C /* AppDelegate.swift */ = {isa = PBXFileReference; lastKnownFileType = sourcecode.swift; path = AppDelegate.swift; sourceTree = "<group>"; };
		C7F877DF23DC1A550001080C /* SceneDelegate.swift */ = {isa = PBXFileReference; lastKnownFileType = sourcecode.swift; path = SceneDelegate.swift; sourceTree = "<group>"; };
		C7F877E123DC1A550001080C /* ContentView.swift */ = {isa = PBXFileReference; lastKnownFileType = sourcecode.swift; path = ContentView.swift; sourceTree = "<group>"; };
		C7F877E323DC1A570001080C /* Assets.xcassets */ = {isa = PBXFileReference; lastKnownFileType = folder.assetcatalog; path = Assets.xcassets; sourceTree = "<group>"; };
		C7F877E623DC1A570001080C /* Preview Assets.xcassets */ = {isa = PBXFileReference; lastKnownFileType = folder.assetcatalog; path = "Preview Assets.xcassets"; sourceTree = "<group>"; };
		C7F877E923DC1A570001080C /* Base */ = {isa = PBXFileReference; lastKnownFileType = file.storyboard; name = Base; path = Base.lproj/LaunchScreen.storyboard; sourceTree = "<group>"; };
		C7F877EB23DC1A570001080C /* Info.plist */ = {isa = PBXFileReference; lastKnownFileType = text.plist.xml; path = Info.plist; sourceTree = "<group>"; };
		C7F877F223DC1A8D0001080C /* AwardView.swift */ = {isa = PBXFileReference; lastKnownFileType = sourcecode.swift; path = AwardView.swift; sourceTree = "<group>"; };
		C7F877F423DC1E660001080C /* WinnerView.swift */ = {isa = PBXFileReference; lastKnownFileType = sourcecode.swift; path = WinnerView.swift; sourceTree = "<group>"; };
		C7F877F723DC1E800001080C /* Winner.swift */ = {isa = PBXFileReference; lastKnownFileType = sourcecode.swift; path = Winner.swift; sourceTree = "<group>"; };
/* End PBXFileReference section */

/* Begin PBXFrameworksBuildPhase section */
		C7F877D723DC1A550001080C /* Frameworks */ = {
			isa = PBXFrameworksBuildPhase;
			buildActionMask = 2147483647;
			files = (
			);
			runOnlyForDeploymentPostprocessing = 0;
		};
/* End PBXFrameworksBuildPhase section */

/* Begin PBXGroup section */
		C7F877D123DC1A540001080C = {
			isa = PBXGroup;
			children = (
				C7F877DC23DC1A550001080C /* Football award winners */,
				C7F877DB23DC1A550001080C /* Products */,
			);
			sourceTree = "<group>";
		};
		C7F877DB23DC1A550001080C /* Products */ = {
			isa = PBXGroup;
			children = (
				C7F877DA23DC1A550001080C /* Football award winners.app */,
			);
			name = Products;
			sourceTree = "<group>";
		};
		C7F877DC23DC1A550001080C /* Football award winners */ = {
			isa = PBXGroup;
			children = (
				2CB93C2E23DEC13D00312CA4 /* awards.json */,
				C7F877F623DC1E750001080C /* Models */,
				C7F877F123DC1A810001080C /* Views */,
				C7F877DD23DC1A550001080C /* AppDelegate.swift */,
				C7F877DF23DC1A550001080C /* SceneDelegate.swift */,
				C7F877E123DC1A550001080C /* ContentView.swift */,
				C7F877E323DC1A570001080C /* Assets.xcassets */,
				C7F877E823DC1A570001080C /* LaunchScreen.storyboard */,
				C7F877EB23DC1A570001080C /* Info.plist */,
				C7F877E523DC1A570001080C /* Preview Content */,
				2CB93C2C23DEB0DD00312CA4 /* WinnerService.swift */,
			);
			path = "Football award winners";
			sourceTree = "<group>";
		};
		C7F877E523DC1A570001080C /* Preview Content */ = {
			isa = PBXGroup;
			children = (
				C7F877E623DC1A570001080C /* Preview Assets.xcassets */,
			);
			path = "Preview Content";
			sourceTree = "<group>";
		};
		C7F877F123DC1A810001080C /* Views */ = {
			isa = PBXGroup;
			children = (
				C7F877F223DC1A8D0001080C /* AwardView.swift */,
				C7F877F423DC1E660001080C /* WinnerView.swift */,
				2C633D1C23DEDC34003B038D /* WinnerDetailView.swift */,
			);
			path = Views;
			sourceTree = "<group>";
		};
		C7F877F623DC1E750001080C /* Models */ = {
			isa = PBXGroup;
			children = (
				C7F877F723DC1E800001080C /* Winner.swift */,
			);
			path = Models;
			sourceTree = "<group>";
		};
/* End PBXGroup section */

/* Begin PBXNativeTarget section */
		C7F877D923DC1A550001080C /* Football award winners */ = {
			isa = PBXNativeTarget;
			buildConfigurationList = C7F877EE23DC1A570001080C /* Build configuration list for PBXNativeTarget "Football award winners" */;
			buildPhases = (
				C7F877D623DC1A550001080C /* Sources */,
				C7F877D723DC1A550001080C /* Frameworks */,
				C7F877D823DC1A550001080C /* Resources */,
			);
			buildRules = (
			);
			dependencies = (
			);
			name = "Football award winners";
			productName = "Football award winners";
			productReference = C7F877DA23DC1A550001080C /* Football award winners.app */;
			productType = "com.apple.product-type.application";
		};
/* End PBXNativeTarget section */

/* Begin PBXProject section */
		C7F877D223DC1A540001080C /* Project object */ = {
			isa = PBXProject;
			attributes = {
				LastSwiftUpdateCheck = 1130;
				LastUpgradeCheck = 1130;
				ORGANIZATIONNAME = football;
				TargetAttributes = {
					C7F877D923DC1A550001080C = {
						CreatedOnToolsVersion = 11.3.1;
					};
				};
			};
			buildConfigurationList = C7F877D523DC1A540001080C /* Build configuration list for PBXProject "Football award winners" */;
			compatibilityVersion = "Xcode 9.3";
			developmentRegion = en;
			hasScannedForEncodings = 0;
			knownRegions = (
				en,
				Base,
			);
			mainGroup = C7F877D123DC1A540001080C;
			productRefGroup = C7F877DB23DC1A550001080C /* Products */;
			projectDirPath = "";
			projectRoot = "";
			targets = (
				C7F877D923DC1A550001080C /* Football award winners */,
			);
		};
/* End PBXProject section */

/* Begin PBXResourcesBuildPhase section */
		C7F877D823DC1A550001080C /* Resources */ = {
			isa = PBXResourcesBuildPhase;
			buildActionMask = 2147483647;
			files = (
				C7F877EA23DC1A570001080C /* LaunchScreen.storyboard in Resources */,
				2CB93C2F23DEC13E00312CA4 /* awards.json in Resources */,
				C7F877E723DC1A570001080C /* Preview Assets.xcassets in Resources */,
				C7F877E423DC1A570001080C /* Assets.xcassets in Resources */,
			);
			runOnlyForDeploymentPostprocessing = 0;
		};
/* End PBXResourcesBuildPhase section */

/* Begin PBXSourcesBuildPhase section */
		C7F877D623DC1A550001080C /* Sources */ = {
			isa = PBXSourcesBuildPhase;
			buildActionMask = 2147483647;
			files = (
				C7F877F523DC1E660001080C /* WinnerView.swift in Sources */,
				C7F877F323DC1A8D0001080C /* AwardView.swift in Sources */,
				2C633D1D23DEDC34003B038D /* WinnerDetailView.swift in Sources */,
				C7F877DE23DC1A550001080C /* AppDelegate.swift in Sources */,
				C7F877E023DC1A550001080C /* SceneDelegate.swift in Sources */,
				C7F877F823DC1E800001080C /* Winner.swift in Sources */,
				2CB93C2D23DEB0DD00312CA4 /* WinnerService.swift in Sources */,
				C7F877E223DC1A550001080C /* ContentView.swift in Sources */,
			);
			runOnlyForDeploymentPostprocessing = 0;
		};
/* End PBXSourcesBuildPhase section */

/* Begin PBXVariantGroup section */
		C7F877E823DC1A570001080C /* LaunchScreen.storyboard */ = {
			isa = PBXVariantGroup;
			children = (
				C7F877E923DC1A570001080C /* Base */,
			);
			name = LaunchScreen.storyboard;
			sourceTree = "<group>";
		};
/* End PBXVariantGroup section */

/* Begin XCBuildConfiguration section */
		C7F877EC23DC1A570001080C /* Debug */ = {
			isa = XCBuildConfiguration;
			buildSettings = {
				ALWAYS_SEARCH_USER_PATHS = NO;
				CLANG_ANALYZER_NONNULL = YES;
				CLANG_ANALYZER_NUMBER_OBJECT_CONVERSION = YES_AGGRESSIVE;
				CLANG_CXX_LANGUAGE_STANDARD = "gnu++14";
				CLANG_CXX_LIBRARY = "libc++";
				CLANG_ENABLE_MODULES = YES;
				CLANG_ENABLE_OBJC_ARC = YES;
				CLANG_ENABLE_OBJC_WEAK = YES;
				CLANG_WARN_BLOCK_CAPTURE_AUTORELEASING = YES;
				CLANG_WARN_BOOL_CONVERSION = YES;
				CLANG_WARN_COMMA = YES;
				CLANG_WARN_CONSTANT_CONVERSION = YES;
				CLANG_WARN_DEPRECATED_OBJC_IMPLEMENTATIONS = YES;
				CLANG_WARN_DIRECT_OBJC_ISA_USAGE = YES_ERROR;
				CLANG_WARN_DOCUMENTATION_COMMENTS = YES;
				CLANG_WARN_EMPTY_BODY = YES;
				CLANG_WARN_ENUM_CONVERSION = YES;
				CLANG_WARN_INFINITE_RECURSION = YES;
				CLANG_WARN_INT_CONVERSION = YES;
				CLANG_WARN_NON_LITERAL_NULL_CONVERSION = YES;
				CLANG_WARN_OBJC_IMPLICIT_RETAIN_SELF = YES;
				CLANG_WARN_OBJC_LITERAL_CONVERSION = YES;
				CLANG_WARN_OBJC_ROOT_CLASS = YES_ERROR;
				CLANG_WARN_RANGE_LOOP_ANALYSIS = YES;
				CLANG_WARN_STRICT_PROTOTYPES = YES;
				CLANG_WARN_SUSPICIOUS_MOVE = YES;
				CLANG_WARN_UNGUARDED_AVAILABILITY = YES_AGGRESSIVE;
				CLANG_WARN_UNREACHABLE_CODE = YES;
				CLANG_WARN__DUPLICATE_METHOD_MATCH = YES;
				COPY_PHASE_STRIP = NO;
				DEBUG_INFORMATION_FORMAT = dwarf;
				ENABLE_STRICT_OBJC_MSGSEND = YES;
				ENABLE_TESTABILITY = YES;
				GCC_C_LANGUAGE_STANDARD = gnu11;
				GCC_DYNAMIC_NO_PIC = NO;
				GCC_NO_COMMON_BLOCKS = YES;
				GCC_OPTIMIZATION_LEVEL = 0;
				GCC_PREPROCESSOR_DEFINITIONS = (
					"DEBUG=1",
					"$(inherited)",
				);
				GCC_WARN_64_TO_32_BIT_CONVERSION = YES;
				GCC_WARN_ABOUT_RETURN_TYPE = YES_ERROR;
				GCC_WARN_UNDECLARED_SELECTOR = YES;
				GCC_WARN_UNINITIALIZED_AUTOS = YES_AGGRESSIVE;
				GCC_WARN_UNUSED_FUNCTION = YES;
				GCC_WARN_UNUSED_VARIABLE = YES;
				IPHONEOS_DEPLOYMENT_TARGET = 13.2;
				MTL_ENABLE_DEBUG_INFO = INCLUDE_SOURCE;
				MTL_FAST_MATH = YES;
				ONLY_ACTIVE_ARCH = YES;
				SDKROOT = iphoneos;
				SWIFT_ACTIVE_COMPILATION_CONDITIONS = DEBUG;
				SWIFT_OPTIMIZATION_LEVEL = "-Onone";
			};
			name = Debug;
		};
		C7F877ED23DC1A570001080C /* Release */ = {
			isa = XCBuildConfiguration;
			buildSettings = {
				ALWAYS_SEARCH_USER_PATHS = NO;
				CLANG_ANALYZER_NONNULL = YES;
				CLANG_ANALYZER_NUMBER_OBJECT_CONVERSION = YES_AGGRESSIVE;
				CLANG_CXX_LANGUAGE_STANDARD = "gnu++14";
				CLANG_CXX_LIBRARY = "libc++";
				CLANG_ENABLE_MODULES = YES;
				CLANG_ENABLE_OBJC_ARC = YES;
				CLANG_ENABLE_OBJC_WEAK = YES;
				CLANG_WARN_BLOCK_CAPTURE_AUTORELEASING = YES;
				CLANG_WARN_BOOL_CONVERSION = YES;
				CLANG_WARN_COMMA = YES;
				CLANG_WARN_CONSTANT_CONVERSION = YES;
				CLANG_WARN_DEPRECATED_OBJC_IMPLEMENTATIONS = YES;
				CLANG_WARN_DIRECT_OBJC_ISA_USAGE = YES_ERROR;
				CLANG_WARN_DOCUMENTATION_COMMENTS = YES;
				CLANG_WARN_EMPTY_BODY = YES;
				CLANG_WARN_ENUM_CONVERSION = YES;
				CLANG_WARN_INFINITE_RECURSION = YES;
				CLANG_WARN_INT_CONVERSION = YES;
				CLANG_WARN_NON_LITERAL_NULL_CONVERSION = YES;
				CLANG_WARN_OBJC_IMPLICIT_RETAIN_SELF = YES;
				CLANG_WARN_OBJC_LITERAL_CONVERSION = YES;
				CLANG_WARN_OBJC_ROOT_CLASS = YES_ERROR;
				CLANG_WARN_RANGE_LOOP_ANALYSIS = YES;
				CLANG_WARN_STRICT_PROTOTYPES = YES;
				CLANG_WARN_SUSPICIOUS_MOVE = YES;
				CLANG_WARN_UNGUARDED_AVAILABILITY = YES_AGGRESSIVE;
				CLANG_WARN_UNREACHABLE_CODE = YES;
				CLANG_WARN__DUPLICATE_METHOD_MATCH = YES;
				COPY_PHASE_STRIP = NO;
				DEBUG_INFORMATION_FORMAT = "dwarf-with-dsym";
				ENABLE_NS_ASSERTIONS = NO;
				ENABLE_STRICT_OBJC_MSGSEND = YES;
				GCC_C_LANGUAGE_STANDARD = gnu11;
				GCC_NO_COMMON_BLOCKS = YES;
				GCC_WARN_64_TO_32_BIT_CONVERSION = YES;
				GCC_WARN_ABOUT_RETURN_TYPE = YES_ERROR;
				GCC_WARN_UNDECLARED_SELECTOR = YES;
				GCC_WARN_UNINITIALIZED_AUTOS = YES_AGGRESSIVE;
				GCC_WARN_UNUSED_FUNCTION = YES;
				GCC_WARN_UNUSED_VARIABLE = YES;
				IPHONEOS_DEPLOYMENT_TARGET = 13.2;
				MTL_ENABLE_DEBUG_INFO = NO;
				MTL_FAST_MATH = YES;
				SDKROOT = iphoneos;
				SWIFT_COMPILATION_MODE = wholemodule;
				SWIFT_OPTIMIZATION_LEVEL = "-O";
				VALIDATE_PRODUCT = YES;
			};
			name = Release;
		};
		C7F877EF23DC1A570001080C /* Debug */ = {
			isa = XCBuildConfiguration;
			buildSettings = {
				ASSETCATALOG_COMPILER_APPICON_NAME = AppIcon;
				CODE_SIGN_STYLE = Automatic;
				DEVELOPMENT_ASSET_PATHS = "\"Football award winners/Preview Content\"";
				DEVELOPMENT_TEAM = NLG3SFR3M5;
				ENABLE_PREVIEWS = YES;
				INFOPLIST_FILE = "Football award winners/Info.plist";
				LD_RUNPATH_SEARCH_PATHS = (
					"$(inherited)",
					"@executable_path/Frameworks",
				);
				PRODUCT_BUNDLE_IDENTIFIER = "kz.football.Football-award-winners";
				PRODUCT_NAME = "$(TARGET_NAME)";
				SWIFT_VERSION = 5.0;
				TARGETED_DEVICE_FAMILY = "1,2";
			};
			name = Debug;
		};
		C7F877F023DC1A570001080C /* Release */ = {
			isa = XCBuildConfiguration;
			buildSettings = {
				ASSETCATALOG_COMPILER_APPICON_NAME = AppIcon;
				CODE_SIGN_STYLE = Automatic;
				DEVELOPMENT_ASSET_PATHS = "\"Football award winners/Preview Content\"";
				DEVELOPMENT_TEAM = NLG3SFR3M5;
				ENABLE_PREVIEWS = YES;
				INFOPLIST_FILE = "Football award winners/Info.plist";
				LD_RUNPATH_SEARCH_PATHS = (
					"$(inherited)",
					"@executable_path/Frameworks",
				);
				PRODUCT_BUNDLE_IDENTIFIER = "kz.football.Football-award-winners";
				PRODUCT_NAME = "$(TARGET_NAME)";
				SWIFT_VERSION = 5.0;
				TARGETED_DEVICE_FAMILY = "1,2";
			};
			name = Release;
		};
/* End XCBuildConfiguration section */

/* Begin XCConfigurationList section */
		C7F877D523DC1A540001080C /* Build configuration list for PBXProject "Football award winners" */ = {
			isa = XCConfigurationList;
			buildConfigurations = (
				C7F877EC23DC1A570001080C /* Debug */,
				C7F877ED23DC1A570001080C /* Release */,
			);
			defaultConfigurationIsVisible = 0;
			defaultConfigurationName = Release;
		};
		C7F877EE23DC1A570001080C /* Build configuration list for PBXNativeTarget "Football award winners" */ = {
			isa = XCConfigurationList;
			buildConfigurations = (
				C7F877EF23DC1A570001080C /* Debug */,
				C7F877F023DC1A570001080C /* Release */,
			);
			defaultConfigurationIsVisible = 0;
			defaultConfigurationName = Release;
		};
/* End XCConfigurationList section */
	};
	rootObject = C7F877D223DC1A540001080C /* Project object */;
}
